
Microsoft Visual Studio Solution File, Format Version 12.00
# Visual Studio Version 17
VisualStudioVersion = 17.14.36518.9 d17.14
MinimumVisualStudioVersion = 10.0.40219.1
Project("{FAE04EC0-301F-11D3-BF4B-00C04F79EFBC}") = "MiniAPI", "MiniAPI.csproj", "{58599502-1263-4BC7-95E8-116D047331DE}"
EndProject
Global
	GlobalSection(SolutionConfigurationPlatforms) = preSolution
		Debug|Any CPU = Debug|Any CPU
		Release|Any CPU = Release|Any CPU
	EndGlobalSection
	GlobalSection(ProjectConfigurationPlatforms) = postSolution
		{58599502-1263-4BC7-95E8-116D047331DE}.Debug|Any CPU.ActiveCfg = Debug|Any CPU
		{58599502-1263-4BC7-95E8-116D047331DE}.Debug|Any CPU.Build.0 = Debug|Any CPU
		{58599502-1263-4BC7-95E8-116D047331DE}.Release|Any CPU.ActiveCfg = Release|Any CPU
		{58599502-1263-4BC7-95E8-116D047331DE}.Release|Any CPU.Build.0 = Release|Any CPU
	EndGlobalSection
	GlobalSection(SolutionProperties) = preSolution
		HideSolutionNode = FALSE
	EndGlobalSection
	GlobalSection(ExtensibilityGlobals) = postSolution
		SolutionGuid = {6E860201-D083-4656-9029-6BE00BD0E561}
	EndGlobalSection
EndGlobal
